
Microsoft Visual Studio Solution File, Format Version 12.00
# Visual Studio Version 16
VisualStudioVersion = 16.0.31702.278
MinimumVisualStudioVersion = 10.0.40219.1
Project("{8BC9CEB8-8B4A-11D0-8D11-00A0C91BC942}") = "Cclient", "Cclient.vcxproj", "{4AFFE96C-56D9-4E68-A1F6-C93C820DCA75}"
EndProject
Global
	GlobalSection(SolutionConfigurationPlatforms) = preSolution
		Debug|x64 = Debug|x64
		Debug|x86 = Debug|x86
		Release|x64 = Release|x64
		Release|x86 = Release|x86
	EndGlobalSection
	GlobalSection(ProjectConfigurationPlatforms) = postSolution
		{4AFFE96C-56D9-4E68-A1F6-C93C820DCA75}.Debug|x64.ActiveCfg = Debug|x64
		{4AFFE96C-56D9-4E68-A1F6-C93C820DCA75}.Debug|x64.Build.0 = Debug|x64
		{4AFFE96C-56D9-4E68-A1F6-C93C820DCA75}.Debug|x86.ActiveCfg = Debug|Win32
		{4AFFE96C-56D9-4E68-A1F6-C93C820DCA75}.Debug|x86.Build.0 = Debug|Win32
		{4AFFE96C-56D9-4E68-A1F6-C93C820DCA75}.Release|x64.ActiveCfg = Release|x64
		{4AFFE96C-56D9-4E68-A1F6-C93C820DCA75}.Release|x64.Build.0 = Release|x64
		{4AFFE96C-56D9-4E68-A1F6-C93C820DCA75}.Release|x86.ActiveCfg = Release|Win32
		{4AFFE96C-56D9-4E68-A1F6-C93C820DCA75}.Release|x86.Build.0 = Release|Win32
	EndGlobalSection
	GlobalSection(SolutionProperties) = preSolution
		HideSolutionNode = FALSE
	EndGlobalSection
	GlobalSection(ExtensibilityGlobals) = postSolution
		SolutionGuid = {C2204032-29A0-4809-80B4-F803A9B87B90}
	EndGlobalSection
EndGlobal
